// !$*UTF8*$!
{
	archiveVersion = 1;
	classes = {
	};
	objectVersion = 56;
	objects = {

/* Begin PBXBuildFile section */
		B10000000000000000000001 /* Doc2MdApp.swift in Sources */ = {isa = PBXBuildFile; fileRef = A10000000000000000000001 /* Doc2MdApp.swift */; };
		B10000000000000000000002 /* ContentView.swift in Sources */ = {isa = PBXBuildFile; fileRef = A10000000000000000000002 /* ContentView.swift */; };
		B10000000000000000000003 /* ConversionItem.swift in Sources */ = {isa = PBXBuildFile; fileRef = A10000000000000000000003 /* ConversionItem.swift */; };
		B10000000000000000000004 /* DocxConverter.swift in Sources */ = {isa = PBXBuildFile; fileRef = A10000000000000000000004 /* DocxConverter.swift */; };
		B10000000000000000000005 /* DocConverter.swift in Sources */ = {isa = PBXBuildFile; fileRef = A10000000000000000000005 /* DocConverter.swift */; };
		B10000000000000000000006 /* ZipHandler.swift in Sources */ = {isa = PBXBuildFile; fileRef = A10000000000000000000006 /* ZipHandler.swift */; };
		B10000000000000000000007 /* ConversionEngine.swift in Sources */ = {isa = PBXBuildFile; fileRef = A10000000000000000000007 /* ConversionEngine.swift */; };
		B10000000000000000000008 /* ZipExtractor.swift in Sources */ = {isa = PBXBuildFile; fileRef = A10000000000000000000008 /* ZipExtractor.swift */; };
		B10000000000000000000009 /* MarkdownWriter.swift in Sources */ = {isa = PBXBuildFile; fileRef = A10000000000000000000009 /* MarkdownWriter.swift */; };
		B100000000000000000000010 /* PdfConverter.swift in Sources */ = {isa = PBXBuildFile; fileRef = A100000000000000000000010 /* PdfConverter.swift */; };
		B100000000000000000000011 /* PptxConverter.swift in Sources */ = {isa = PBXBuildFile; fileRef = A100000000000000000000011 /* PptxConverter.swift */; };
		B100000000000000000000012 /* OCRSettings.swift in Sources */ = {isa = PBXBuildFile; fileRef = A100000000000000000000012 /* OCRSettings.swift */; };
		B100000000000000000000013 /* SettingsView.swift in Sources */ = {isa = PBXBuildFile; fileRef = A100000000000000000000013 /* SettingsView.swift */; };
		B100000000000000000000020 /* PostProcessor.swift in Sources */ = {isa = PBXBuildFile; fileRef = A100000000000000000000020 /* PostProcessor.swift */; };
		B100000000000000000000021 /* ExternalCorrections.swift in Sources */ = {isa = PBXBuildFile; fileRef = A100000000000000000000021 /* ExternalCorrections.swift */; };
		B100000000000000000000022 /* QualityReport.swift in Sources */ = {isa = PBXBuildFile; fileRef = A100000000000000000000022 /* QualityReport.swift */; };
		B100000000000000000000023 /* StructuredOutput.swift in Sources */ = {isa = PBXBuildFile; fileRef = A100000000000000000000023 /* StructuredOutput.swift */; };
		B100000000000000000000024 /* ColumnReconstructor.swift in Sources */ = {isa = PBXBuildFile; fileRef = A100000000000000000000024 /* ColumnReconstructor.swift */; };
		B100000000000000000000025 /* PipelineConfig.swift in Sources */ = {isa = PBXBuildFile; fileRef = A100000000000000000000025 /* PipelineConfig.swift */; };
		B100000000000000000000026 /* FolderWatcher.swift in Sources */ = {isa = PBXBuildFile; fileRef = A100000000000000000000026 /* FolderWatcher.swift */; };
		B100000000000000000000030 /* AttributedStringToMarkdown.swift in Sources */ = {isa = PBXBuildFile; fileRef = A100000000000000000000030 /* AttributedStringToMarkdown.swift */; };
		B100000000000000000000031 /* TextConverter.swift in Sources */ = {isa = PBXBuildFile; fileRef = A100000000000000000000031 /* TextConverter.swift */; };
		B100000000000000000000032 /* RtfConverter.swift in Sources */ = {isa = PBXBuildFile; fileRef = A100000000000000000000032 /* RtfConverter.swift */; };
		B100000000000000000000033 /* XHtmlToMarkdown.swift in Sources */ = {isa = PBXBuildFile; fileRef = A100000000000000000000033 /* XHtmlToMarkdown.swift */; };
		B100000000000000000000034 /* HtmlConverter.swift in Sources */ = {isa = PBXBuildFile; fileRef = A100000000000000000000034 /* HtmlConverter.swift */; };
		B100000000000000000000035 /* EpubConverter.swift in Sources */ = {isa = PBXBuildFile; fileRef = A100000000000000000000035 /* EpubConverter.swift */; };
		B100000000000000000000036 /* OdtConverter.swift in Sources */ = {isa = PBXBuildFile; fileRef = A100000000000000000000036 /* OdtConverter.swift */; };
		B100000000000000000000037 /* XlsxConverter.swift in Sources */ = {isa = PBXBuildFile; fileRef = A100000000000000000000037 /* XlsxConverter.swift */; };
		B100000000000000000000038 /* MobiConverter.swift in Sources */ = {isa = PBXBuildFile; fileRef = A100000000000000000000038 /* MobiConverter.swift */; };
		B100000000000000000000039 /* EpubSettings.swift in Sources */ = {isa = PBXBuildFile; fileRef = A100000000000000000000039 /* EpubSettings.swift */; };
		B1000000000000000000000C /* Assets.xcassets in Resources */ = {isa = PBXBuildFile; fileRef = A1000000000000000000000C /* Assets.xcassets */; };
/* End PBXBuildFile section */

/* Begin PBXFileReference section */
		A10000000000000000000001 /* Doc2MdApp.swift */ = {isa = PBXFileReference; lastKnownFileType = sourcecode.swift; path = Doc2MdApp.swift; sourceTree = "<group>"; };
		A10000000000000000000002 /* ContentView.swift */ = {isa = PBXFileReference; lastKnownFileType = sourcecode.swift; path = ContentView.swift; sourceTree = "<group>"; };
		A10000000000000000000003 /* ConversionItem.swift */ = {isa = PBXFileReference; lastKnownFileType = sourcecode.swift; path = ConversionItem.swift; sourceTree = "<group>"; };
		A10000000000000000000004 /* DocxConverter.swift */ = {isa = PBXFileReference; lastKnownFileType = sourcecode.swift; path = DocxConverter.swift; sourceTree = "<group>"; };
		A10000000000000000000005 /* DocConverter.swift */ = {isa = PBXFileReference; lastKnownFileType = sourcecode.swift; path = DocConverter.swift; sourceTree = "<group>"; };
		A10000000000000000000006 /* ZipHandler.swift */ = {isa = PBXFileReference; lastKnownFileType = sourcecode.swift; path = ZipHandler.swift; sourceTree = "<group>"; };
		A10000000000000000000007 /* ConversionEngine.swift */ = {isa = PBXFileReference; lastKnownFileType = sourcecode.swift; path = ConversionEngine.swift; sourceTree = "<group>"; };
		A10000000000000000000008 /* ZipExtractor.swift */ = {isa = PBXFileReference; lastKnownFileType = sourcecode.swift; path = ZipExtractor.swift; sourceTree = "<group>"; };
		A100000000000000000000010 /* PdfConverter.swift */ = {isa = PBXFileReference; lastKnownFileType = sourcecode.swift; path = PdfConverter.swift; sourceTree = "<group>"; };
		A100000000000000000000011 /* PptxConverter.swift */ = {isa = PBXFileReference; lastKnownFileType = sourcecode.swift; path = PptxConverter.swift; sourceTree = "<group>"; };
		A100000000000000000000012 /* OCRSettings.swift */ = {isa = PBXFileReference; lastKnownFileType = sourcecode.swift; path = OCRSettings.swift; sourceTree = "<group>"; };
		A100000000000000000000013 /* SettingsView.swift */ = {isa = PBXFileReference; lastKnownFileType = sourcecode.swift; path = SettingsView.swift; sourceTree = "<group>"; };
		A100000000000000000000020 /* PostProcessor.swift */ = {isa = PBXFileReference; lastKnownFileType = sourcecode.swift; path = PostProcessor.swift; sourceTree = "<group>"; };
		A100000000000000000000021 /* ExternalCorrections.swift */ = {isa = PBXFileReference; lastKnownFileType = sourcecode.swift; path = ExternalCorrections.swift; sourceTree = "<group>"; };
		A100000000000000000000022 /* QualityReport.swift */ = {isa = PBXFileReference; lastKnownFileType = sourcecode.swift; path = QualityReport.swift; sourceTree = "<group>"; };
		A100000000000000000000023 /* StructuredOutput.swift */ = {isa = PBXFileReference; lastKnownFileType = sourcecode.swift; path = StructuredOutput.swift; sourceTree = "<group>"; };
		A100000000000000000000024 /* ColumnReconstructor.swift */ = {isa = PBXFileReference; lastKnownFileType = sourcecode.swift; path = ColumnReconstructor.swift; sourceTree = "<group>"; };
		A100000000000000000000025 /* PipelineConfig.swift */ = {isa = PBXFileReference; lastKnownFileType = sourcecode.swift; path = PipelineConfig.swift; sourceTree = "<group>"; };
		A100000000000000000000026 /* FolderWatcher.swift */ = {isa = PBXFileReference; lastKnownFileType = sourcecode.swift; path = FolderWatcher.swift; sourceTree = "<group>"; };
		A100000000000000000000030 /* AttributedStringToMarkdown.swift */ = {isa = PBXFileReference; lastKnownFileType = sourcecode.swift; path = AttributedStringToMarkdown.swift; sourceTree = "<group>"; };
		A100000000000000000000031 /* TextConverter.swift */ = {isa = PBXFileReference; lastKnownFileType = sourcecode.swift; path = TextConverter.swift; sourceTree = "<group>"; };
		A100000000000000000000032 /* RtfConverter.swift */ = {isa = PBXFileReference; lastKnownFileType = sourcecode.swift; path = RtfConverter.swift; sourceTree = "<group>"; };
		A100000000000000000000033 /* XHtmlToMarkdown.swift */ = {isa = PBXFileReference; lastKnownFileType = sourcecode.swift; path = XHtmlToMarkdown.swift; sourceTree = "<group>"; };
		A100000000000000000000034 /* HtmlConverter.swift */ = {isa = PBXFileReference; lastKnownFileType = sourcecode.swift; path = HtmlConverter.swift; sourceTree = "<group>"; };
		A100000000000000000000035 /* EpubConverter.swift */ = {isa = PBXFileReference; lastKnownFileType = sourcecode.swift; path = EpubConverter.swift; sourceTree = "<group>"; };
		A100000000000000000000036 /* OdtConverter.swift */ = {isa = PBXFileReference; lastKnownFileType = sourcecode.swift; path = OdtConverter.swift; sourceTree = "<group>"; };
		A100000000000000000000037 /* XlsxConverter.swift */ = {isa = PBXFileReference; lastKnownFileType = sourcecode.swift; path = XlsxConverter.swift; sourceTree = "<group>"; };
		A100000000000000000000038 /* MobiConverter.swift */ = {isa = PBXFileReference; lastKnownFileType = sourcecode.swift; path = MobiConverter.swift; sourceTree = "<group>"; };
		A100000000000000000000039 /* EpubSettings.swift */ = {isa = PBXFileReference; lastKnownFileType = sourcecode.swift; path = EpubSettings.swift; sourceTree = "<group>"; };
		A10000000000000000000009 /* MarkdownWriter.swift */ = {isa = PBXFileReference; lastKnownFileType = sourcecode.swift; path = MarkdownWriter.swift; sourceTree = "<group>"; };
		A1000000000000000000000A /* Info.plist */ = {isa = PBXFileReference; lastKnownFileType = text.plist.xml; path = Info.plist; sourceTree = "<group>"; };
		A1000000000000000000000B /* Doc2Md.entitlements */ = {isa = PBXFileReference; lastKnownFileType = text.plist.entitlements; path = Doc2Md.entitlements; sourceTree = "<group>"; };
		A1000000000000000000000C /* Assets.xcassets */ = {isa = PBXFileReference; lastKnownFileType = folder.assetcatalog; path = Assets.xcassets; sourceTree = "<group>"; };
		D10000000000000000000006 /* Doc2Md.app */ = {isa = PBXFileReference; explicitFileType = wrapper.application; includeInIndex = 0; path = Doc2Md.app; sourceTree = BUILT_PRODUCTS_DIR; };
/* End PBXFileReference section */

/* Begin PBXFrameworksBuildPhase section */
		D10000000000000000000004 /* Frameworks */ = {
			isa = PBXFrameworksBuildPhase;
			buildActionMask = 2147483647;
			files = (
			);
			runOnlyForDeploymentPostprocessing = 0;
		};
/* End PBXFrameworksBuildPhase section */

/* Begin PBXGroup section */
		C10000000000000000000005 /* Root */ = {
			isa = PBXGroup;
			children = (
				C10000000000000000000001 /* Doc2Md */,
				C10000000000000000000006 /* Products */,
			);
			sourceTree = "<group>";
		};
		C10000000000000000000001 /* Doc2Md */ = {
			isa = PBXGroup;
			children = (
				A10000000000000000000001 /* Doc2MdApp.swift */,
				A10000000000000000000002 /* ContentView.swift */,
				C10000000000000000000002 /* Models */,
				C10000000000000000000003 /* Converters */,
				C10000000000000000000004 /* Utilities */,
				C10000000000000000000007 /* Settings */,
				C10000000000000000000008 /* Pipeline */,
				C10000000000000000000009 /* Services */,
				A1000000000000000000000C /* Assets.xcassets */,
				A1000000000000000000000A /* Info.plist */,
				A1000000000000000000000B /* Doc2Md.entitlements */,
			);
			path = Doc2Md;
			sourceTree = "<group>";
		};
		C10000000000000000000002 /* Models */ = {
			isa = PBXGroup;
			children = (
				A10000000000000000000003 /* ConversionItem.swift */,
			);
			path = Models;
			sourceTree = "<group>";
		};
		C10000000000000000000003 /* Converters */ = {
			isa = PBXGroup;
			children = (
				A10000000000000000000004 /* DocxConverter.swift */,
				A10000000000000000000005 /* DocConverter.swift */,
				A10000000000000000000006 /* ZipHandler.swift */,
				A10000000000000000000007 /* ConversionEngine.swift */,
			A100000000000000000000010 /* PdfConverter.swift */,
			A100000000000000000000011 /* PptxConverter.swift */,
			A100000000000000000000030 /* AttributedStringToMarkdown.swift */,
			A100000000000000000000031 /* TextConverter.swift */,
			A100000000000000000000032 /* RtfConverter.swift */,
			A100000000000000000000033 /* XHtmlToMarkdown.swift */,
			A100000000000000000000034 /* HtmlConverter.swift */,
			A100000000000000000000035 /* EpubConverter.swift */,
			A100000000000000000000036 /* OdtConverter.swift */,
			A100000000000000000000037 /* XlsxConverter.swift */,
			A100000000000000000000038 /* MobiConverter.swift */,
			);
			path = Converters;
			sourceTree = "<group>";
		};
		C10000000000000000000004 /* Utilities */ = {
			isa = PBXGroup;
			children = (
				A10000000000000000000008 /* ZipExtractor.swift */,
				A10000000000000000000009 /* MarkdownWriter.swift */,
			);
			path = Utilities;
			sourceTree = "<group>";
		};
		C10000000000000000000007 /* Settings */ = {
			isa = PBXGroup;
			children = (
				A100000000000000000000012 /* OCRSettings.swift */,
				A100000000000000000000013 /* SettingsView.swift */,
				A100000000000000000000039 /* EpubSettings.swift */,
			);
			path = Settings;
			sourceTree = "<group>";
		};
		C10000000000000000000008 /* Pipeline */ = {
			isa = PBXGroup;
			children = (
				A100000000000000000000020 /* PostProcessor.swift */,
				A100000000000000000000021 /* ExternalCorrections.swift */,
				A100000000000000000000022 /* QualityReport.swift */,
				A100000000000000000000023 /* StructuredOutput.swift */,
				A100000000000000000000024 /* ColumnReconstructor.swift */,
				A100000000000000000000025 /* PipelineConfig.swift */,
			);
			path = Pipeline;
			sourceTree = "<group>";
		};
		C10000000000000000000009 /* Services */ = {
			isa = PBXGroup;
			children = (
				A100000000000000000000026 /* FolderWatcher.swift */,
			);
			path = Services;
			sourceTree = "<group>";
		};
		C10000000000000000000006 /* Products */ = {
			isa = PBXGroup;
			children = (
				D10000000000000000000006 /* Doc2Md.app */,
			);
			name = Products;
			sourceTree = "<group>";
		};
/* End PBXGroup section */

/* Begin PBXNativeTarget section */
		D10000000000000000000001 /* Doc2Md */ = {
			isa = PBXNativeTarget;
			buildConfigurationList = D10000000000000000000007 /* Build configuration list for PBXNativeTarget "Doc2Md" */;
			buildPhases = (
				D10000000000000000000003 /* Sources */,
				D10000000000000000000004 /* Frameworks */,
				D10000000000000000000005 /* Resources */,
			);
			buildRules = (
			);
			dependencies = (
			);
			name = Doc2Md;
			productName = Doc2Md;
			productReference = D10000000000000000000006 /* Doc2Md.app */;
			productType = "com.apple.product-type.application";
		};
/* End PBXNativeTarget section */

/* Begin PBXProject section */
		D10000000000000000000002 /* Project object */ = {
			isa = PBXProject;
			attributes = {
				BuildIndependentTargetsInParallel = 1;
				LastSwiftUpdateCheck = 1500;
				LastUpgradeCheck = 1500;
				TargetAttributes = {
					D10000000000000000000001 = {
						CreatedOnToolsVersion = 15.0;
					};
				};
			};
			buildConfigurationList = D10000000000000000000008 /* Build configuration list for PBXProject "Doc2Md" */;
			compatibilityVersion = "Xcode 14.0";
			developmentRegion = en;
			hasScannedForEncodings = 0;
			knownRegions = (
				en,
				Base,
			);
			mainGroup = C10000000000000000000005 /* Root */;
			productRefGroup = C10000000000000000000006 /* Products */;
			projectDirPath = "";
			projectRoot = "";
			targets = (
				D10000000000000000000001 /* Doc2Md */,
			);
		};
/* End PBXProject section */

/* Begin PBXResourcesBuildPhase section */
		D10000000000000000000005 /* Resources */ = {
			isa = PBXResourcesBuildPhase;
			buildActionMask = 2147483647;
			files = (
				B1000000000000000000000C /* Assets.xcassets in Resources */,
			);
			runOnlyForDeploymentPostprocessing = 0;
		};
/* End PBXResourcesBuildPhase section */

/* Begin PBXSourcesBuildPhase section */
		D10000000000000000000003 /* Sources */ = {
			isa = PBXSourcesBuildPhase;
			buildActionMask = 2147483647;
			files = (
				B10000000000000000000001 /* Doc2MdApp.swift in Sources */,
				B10000000000000000000002 /* ContentView.swift in Sources */,
				B10000000000000000000003 /* ConversionItem.swift in Sources */,
				B10000000000000000000004 /* DocxConverter.swift in Sources */,
				B10000000000000000000005 /* DocConverter.swift in Sources */,
				B10000000000000000000006 /* ZipHandler.swift in Sources */,
				B10000000000000000000007 /* ConversionEngine.swift in Sources */,
				B10000000000000000000008 /* ZipExtractor.swift in Sources */,
				B10000000000000000000009 /* MarkdownWriter.swift in Sources */,
			B100000000000000000000010 /* PdfConverter.swift in Sources */,
			B100000000000000000000011 /* PptxConverter.swift in Sources */,
			B100000000000000000000012 /* OCRSettings.swift in Sources */,
			B100000000000000000000013 /* SettingsView.swift in Sources */,
			B100000000000000000000020 /* PostProcessor.swift in Sources */,
			B100000000000000000000021 /* ExternalCorrections.swift in Sources */,
			B100000000000000000000022 /* QualityReport.swift in Sources */,
			B100000000000000000000023 /* StructuredOutput.swift in Sources */,
			B100000000000000000000024 /* ColumnReconstructor.swift in Sources */,
			B100000000000000000000025 /* PipelineConfig.swift in Sources */,
			B100000000000000000000026 /* FolderWatcher.swift in Sources */,
			B100000000000000000000030 /* AttributedStringToMarkdown.swift in Sources */,
			B100000000000000000000031 /* TextConverter.swift in Sources */,
			B100000000000000000000032 /* RtfConverter.swift in Sources */,
			B100000000000000000000033 /* XHtmlToMarkdown.swift in Sources */,
			B100000000000000000000034 /* HtmlConverter.swift in Sources */,
			B100000000000000000000035 /* EpubConverter.swift in Sources */,
			B100000000000000000000036 /* OdtConverter.swift in Sources */,
			B100000000000000000000037 /* XlsxConverter.swift in Sources */,
			B100000000000000000000038 /* MobiConverter.swift in Sources */,
			B100000000000000000000039 /* EpubSettings.swift in Sources */,
			);
			runOnlyForDeploymentPostprocessing = 0;
		};
/* End PBXSourcesBuildPhase section */

/* Begin XCBuildConfiguration section */
		E10000000000000000000001 /* Debug */ = {
			isa = XCBuildConfiguration;
			buildSettings = {
				ASSETCATALOG_COMPILER_APPICON_NAME = AppIcon;
				CODE_SIGN_ENTITLEMENTS = Doc2Md/Doc2Md.entitlements;
				CODE_SIGN_STYLE = Automatic;
				COMBINE_HIDPI_IMAGES = YES;
				CURRENT_PROJECT_VERSION = 1;
				GENERATE_INFOPLIST_FILE = NO;
				INFOPLIST_FILE = Doc2Md/Info.plist;
				LD_RUNPATH_SEARCH_PATHS = (
					"$(inherited)",
					"@executable_path/../Frameworks",
				);
				MACOSX_DEPLOYMENT_TARGET = 14.0;
				MARKETING_VERSION = 1.0;
				PRODUCT_BUNDLE_IDENTIFIER = com.doc2md.app;
				PRODUCT_NAME = "$(TARGET_NAME)";
				SWIFT_EMIT_LOC_STRINGS = YES;
				SWIFT_VERSION = 5.0;
			};
			name = Debug;
		};
		E10000000000000000000002 /* Release */ = {
			isa = XCBuildConfiguration;
			buildSettings = {
				ASSETCATALOG_COMPILER_APPICON_NAME = AppIcon;
				CODE_SIGN_ENTITLEMENTS = Doc2Md/Doc2Md.entitlements;
				CODE_SIGN_STYLE = Automatic;
				COMBINE_HIDPI_IMAGES = YES;
				CURRENT_PROJECT_VERSION = 1;
				GENERATE_INFOPLIST_FILE = NO;
				INFOPLIST_FILE = Doc2Md/Info.plist;
				LD_RUNPATH_SEARCH_PATHS = (
					"$(inherited)",
					"@executable_path/../Frameworks",
				);
				MACOSX_DEPLOYMENT_TARGET = 14.0;
				MARKETING_VERSION = 1.0;
				PRODUCT_BUNDLE_IDENTIFIER = com.doc2md.app;
				PRODUCT_NAME = "$(TARGET_NAME)";
				SWIFT_EMIT_LOC_STRINGS = YES;
				SWIFT_VERSION = 5.0;
			};
			name = Release;
		};
		E10000000000000000000003 /* Debug */ = {
			isa = XCBuildConfiguration;
			buildSettings = {
				ALWAYS_SEARCH_USER_PATHS = NO;
				CLANG_ANALYZER_NONNULL = YES;
				CLANG_ANALYZER_NUMBER_OBJECT_CONVERSION = YES_AGGRESSIVE;
				CLANG_CXX_LANGUAGE_STANDARD = "gnu++20";
				CLANG_ENABLE_MODULES = YES;
				CLANG_ENABLE_OBJC_ARC = YES;
				CLANG_ENABLE_OBJC_WEAK = YES;
				CLANG_WARN_BLOCK_CAPTURE_AUTORELEASING = YES;
				CLANG_WARN_BOOL_CONVERSION = YES;
				CLANG_WARN_COMMA = YES;
				CLANG_WARN_CONSTANT_CONVERSION = YES;
				CLANG_WARN_DEPRECATED_OBJC_IMPLEMENTATIONS = YES;
				CLANG_WARN_DIRECT_OBJC_ISA_USAGE = YES_ERROR;
				CLANG_WARN_DOCUMENTATION_COMMENTS = YES;
				CLANG_WARN_EMPTY_BODY = YES;
				CLANG_WARN_ENUM_CONVERSION = YES;
				CLANG_WARN_INFINITE_RECURSION = YES;
				CLANG_WARN_INT_CONVERSION = YES;
				CLANG_WARN_NON_LITERAL_NULL_CONVERSION = YES;
				CLANG_WARN_OBJC_IMPLICIT_RETAIN_SELF = YES;
				CLANG_WARN_OBJC_LITERAL_CONVERSION = YES;
				CLANG_WARN_OBJC_ROOT_CLASS = YES_ERROR;
				CLANG_WARN_QUOTED_INCLUDE_IN_FRAMEWORK_HEADER = YES;
				CLANG_WARN_RANGE_LOOP_ANALYSIS = YES;
				CLANG_WARN_STRICT_PROTOTYPES = YES;
				CLANG_WARN_SUSPICIOUS_MOVE = YES;
				CLANG_WARN_UNGUARDED_AVAILABILITY = YES_AGGRESSIVE;
				CLANG_WARN_UNREACHABLE_CODE = YES;
				CLANG_WARN__DUPLICATE_METHOD_MATCH = YES;
				COPY_PHASE_STRIP = NO;
				DEBUG_INFORMATION_FORMAT = dwarf;
				ENABLE_STRICT_OBJC_MSGSEND = YES;
				ENABLE_TESTABILITY = YES;
				GCC_C_LANGUAGE_STANDARD = gnu17;
				GCC_DYNAMIC_NO_PIC = NO;
				GCC_NO_COMMON_BLOCKS = YES;
				GCC_OPTIMIZATION_LEVEL = 0;
				GCC_PREPROCESSOR_DEFINITIONS = (
					"DEBUG=1",
					"$(inherited)",
				);
				GCC_WARN_64_TO_32_BIT_CONVERSION = YES;
				GCC_WARN_ABOUT_RETURN_TYPE = YES_ERROR;
				GCC_WARN_UNDECLARED_SELECTOR = YES;
				GCC_WARN_UNINITIALIZED_AUTOS = YES_AGGRESSIVE;
				GCC_WARN_UNUSED_FUNCTION = YES;
				GCC_WARN_UNUSED_VARIABLE = YES;
				MACOSX_DEPLOYMENT_TARGET = 14.0;
				MTL_ENABLE_DEBUG_INFO = INCLUDE_SOURCE;
				MTL_FAST_MATH = YES;
				ONLY_ACTIVE_ARCH = YES;
				SDKROOT = macosx;
				SWIFT_ACTIVE_COMPILATION_CONDITIONS = "$(inherited) DEBUG";
				SWIFT_OPTIMIZATION_LEVEL = "-Onone";
			};
			name = Debug;
		};
		E10000000000000000000004 /* Release */ = {
			isa = XCBuildConfiguration;
			buildSettings = {
				ALWAYS_SEARCH_USER_PATHS = NO;
				CLANG_ANALYZER_NONNULL = YES;
				CLANG_ANALYZER_NUMBER_OBJECT_CONVERSION = YES_AGGRESSIVE;
				CLANG_CXX_LANGUAGE_STANDARD = "gnu++20";
				CLANG_ENABLE_MODULES = YES;
				CLANG_ENABLE_OBJC_ARC = YES;
				CLANG_ENABLE_OBJC_WEAK = YES;
				CLANG_WARN_BLOCK_CAPTURE_AUTORELEASING = YES;
				CLANG_WARN_BOOL_CONVERSION = YES;
				CLANG_WARN_COMMA = YES;
				CLANG_WARN_CONSTANT_CONVERSION = YES;
				CLANG_WARN_DEPRECATED_OBJC_IMPLEMENTATIONS = YES;
				CLANG_WARN_DIRECT_OBJC_ISA_USAGE = YES_ERROR;
				CLANG_WARN_DOCUMENTATION_COMMENTS = YES;
				CLANG_WARN_EMPTY_BODY = YES;
				CLANG_WARN_ENUM_CONVERSION = YES;
				CLANG_WARN_INFINITE_RECURSION = YES;
				CLANG_WARN_INT_CONVERSION = YES;
				CLANG_WARN_NON_LITERAL_NULL_CONVERSION = YES;
				CLANG_WARN_OBJC_IMPLICIT_RETAIN_SELF = YES;
				CLANG_WARN_OBJC_LITERAL_CONVERSION = YES;
				CLANG_WARN_OBJC_ROOT_CLASS = YES_ERROR;
				CLANG_WARN_QUOTED_INCLUDE_IN_FRAMEWORK_HEADER = YES;
				CLANG_WARN_RANGE_LOOP_ANALYSIS = YES;
				CLANG_WARN_STRICT_PROTOTYPES = YES;
				CLANG_WARN_SUSPICIOUS_MOVE = YES;
				CLANG_WARN_UNGUARDED_AVAILABILITY = YES_AGGRESSIVE;
				CLANG_WARN_UNREACHABLE_CODE = YES;
				CLANG_WARN__DUPLICATE_METHOD_MATCH = YES;
				COPY_PHASE_STRIP = NO;
				DEBUG_INFORMATION_FORMAT = "dwarf-with-dsym";
				ENABLE_NS_ASSERTIONS = NO;
				ENABLE_STRICT_OBJC_MSGSEND = YES;
				GCC_C_LANGUAGE_STANDARD = gnu17;
				GCC_NO_COMMON_BLOCKS = YES;
				GCC_WARN_64_TO_32_BIT_CONVERSION = YES;
				GCC_WARN_ABOUT_RETURN_TYPE = YES_ERROR;
				GCC_WARN_UNDECLARED_SELECTOR = YES;
				GCC_WARN_UNINITIALIZED_AUTOS = YES_AGGRESSIVE;
				GCC_WARN_UNUSED_FUNCTION = YES;
				GCC_WARN_UNUSED_VARIABLE = YES;
				MACOSX_DEPLOYMENT_TARGET = 14.0;
				MTL_FAST_MATH = YES;
				SDKROOT = macosx;
				SWIFT_COMPILATION_MODE = wholemodule;
			};
			name = Release;
		};
/* End XCBuildConfiguration section */

/* Begin XCConfigurationList section */
		D10000000000000000000007 /* Build configuration list for PBXNativeTarget "Doc2Md" */ = {
			isa = XCConfigurationList;
			buildConfigurations = (
				E10000000000000000000001 /* Debug */,
				E10000000000000000000002 /* Release */,
			);
			defaultConfigurationIsVisible = 0;
			defaultConfigurationName = Release;
		};
		D10000000000000000000008 /* Build configuration list for PBXProject "Doc2Md" */ = {
			isa = XCConfigurationList;
			buildConfigurations = (
				E10000000000000000000003 /* Debug */,
				E10000000000000000000004 /* Release */,
			);
			defaultConfigurationIsVisible = 0;
			defaultConfigurationName = Release;
		};
/* End XCConfigurationList section */

	};
	rootObject = D10000000000000000000002 /* Project object */;
}
